
Microsoft Visual Studio Solution File, Format Version 12.00
# Visual Studio 15
VisualStudioVersion = 15.0.28307.539
MinimumVisualStudioVersion = 10.0.40219.1
Project("{FAE04EC0-301F-11D3-BF4B-00C04F79EFBC}") = "MVC_Git0211", "MVC_Git0211\MVC_Git0211.csproj", "{38A155FA-C7D8-4693-94DD-2B456A0EB169}"
EndProject
Global
	GlobalSection(SolutionConfigurationPlatforms) = preSolution
		Debug|Any CPU = Debug|Any CPU
		Release|Any CPU = Release|Any CPU
	EndGlobalSection
	GlobalSection(ProjectConfigurationPlatforms) = postSolution
		{38A155FA-C7D8-4693-94DD-2B456A0EB169}.Debug|Any CPU.ActiveCfg = Debug|Any CPU
		{38A155FA-C7D8-4693-94DD-2B456A0EB169}.Debug|Any CPU.Build.0 = Debug|Any CPU
		{38A155FA-C7D8-4693-94DD-2B456A0EB169}.Release|Any CPU.ActiveCfg = Release|Any CPU
		{38A155FA-C7D8-4693-94DD-2B456A0EB169}.Release|Any CPU.Build.0 = Release|Any CPU
	EndGlobalSection
	GlobalSection(SolutionProperties) = preSolution
		HideSolutionNode = FALSE
	EndGlobalSection
	GlobalSection(ExtensibilityGlobals) = postSolution
		SolutionGuid = {96726A5C-E1C4-4BE8-9C29-EA605F38AC73}
	EndGlobalSection
EndGlobal
